// !$*UTF8*$!
{
	archiveVersion = 1;
	classes = {
	};
	objectVersion = 46;
	objects = {

/* Begin PBXBuildFile section */
		544B15E11D76757A00DDCF35 /* main.m in Sources */ = {isa = PBXBuildFile; fileRef = 544B15E01D76757A00DDCF35 /* main.m */; };
		544B15E41D76757A00DDCF35 /* AppDelegate.m in Sources */ = {isa = PBXBuildFile; fileRef = 544B15E31D76757A00DDCF35 /* AppDelegate.m */; };
		544B15E71D76757A00DDCF35 /* ViewController.m in Sources */ = {isa = PBXBuildFile; fileRef = 544B15E61D76757A00DDCF35 /* ViewController.m */; };
		544B15EA1D76757A00DDCF35 /* Main.storyboard in Resources */ = {isa = PBXBuildFile; fileRef = 544B15E81D76757A00DDCF35 /* Main.storyboard */; };
		544B15EC1D76757A00DDCF35 /* Assets.xcassets in Resources */ = {isa = PBXBuildFile; fileRef = 544B15EB1D76757A00DDCF35 /* Assets.xcassets */; };
		544B15EF1D76757A00DDCF35 /* LaunchScreen.storyboard in Resources */ = {isa = PBXBuildFile; fileRef = 544B15ED1D76757A00DDCF35 /* LaunchScreen.storyboard */; };
/* End PBXBuildFile section */

/* Begin PBXFileReference section */
		544B15DC1D76757A00DDCF35 /* CallSystemFuncDemo.app */ = {isa = PBXFileReference; explicitFileType = wrapper.application; includeInIndex = 0; path = CallSystemFuncDemo.app; sourceTree = BUILT_PRODUCTS_DIR; };
		544B15E01D76757A00DDCF35 /* main.m */ = {isa = PBXFileReference; lastKnownFileType = sourcecode.c.objc; path = main.m; sourceTree = "<group>"; };
		544B15E21D76757A00DDCF35 /* AppDelegate.h */ = {isa = PBXFileReference; lastKnownFileType = sourcecode.c.h; path = AppDelegate.h; sourceTree = "<group>"; };
		544B15E31D76757A00DDCF35 /* AppDelegate.m */ = {isa = PBXFileReference; lastKnownFileType = sourcecode.c.objc; path = AppDelegate.m; sourceTree = "<group>"; };
		544B15E51D76757A00DDCF35 /* ViewController.h */ = {isa = PBXFileReference; lastKnownFileType = sourcecode.c.h; path = ViewController.h; sourceTree = "<group>"; };
		544B15E61D76757A00DDCF35 /* ViewController.m */ = {isa = PBXFileReference; lastKnownFileType = sourcecode.c.objc; path = ViewController.m; sourceTree = "<group>"; };
		544B15E91D76757A00DDCF35 /* Base */ = {isa = PBXFileReference; lastKnownFileType = file.storyboard; name = Base; path = Base.lproj/Main.storyboard; sourceTree = "<group>"; };
		544B15EB1D76757A00DDCF35 /* Assets.xcassets */ = {isa = PBXFileReference; lastKnownFileType = folder.assetcatalog; path = Assets.xcassets; sourceTree = "<group>"; };
		544B15EE1D76757A00DDCF35 /* Base */ = {isa = PBXFileReference; lastKnownFileType = file.storyboard; name = Base; path = Base.lproj/LaunchScreen.storyboard; sourceTree = "<group>"; };
		544B15F01D76757A00DDCF35 /* Info.plist */ = {isa = PBXFileReference; lastKnownFileType = text.plist.xml; path = Info.plist; sourceTree = "<group>"; };
		548ABF2B1D767E220015B43B /* zh-Hans */ = {isa = PBXFileReference; lastKnownFileType = text.plist.strings; name = "zh-Hans"; path = "zh-Hans.lproj/Main.strings"; sourceTree = "<group>"; };
		548ABF2C1D767E220015B43B /* zh-Hans */ = {isa = PBXFileReference; lastKnownFileType = text.plist.strings; name = "zh-Hans"; path = "zh-Hans.lproj/LaunchScreen.strings"; sourceTree = "<group>"; };
/* End PBXFileReference section */

/* Begin PBXFrameworksBuildPhase section */
		544B15D91D76757A00DDCF35 /* Frameworks */ = {
			isa = PBXFrameworksBuildPhase;
			buildActionMask = 2147483647;
			files = (
			);
			runOnlyForDeploymentPostprocessing = 0;
		};
/* End PBXFrameworksBuildPhase section */

/* Begin PBXGroup section */
		544B15D31D76757A00DDCF35 = {
			isa = PBXGroup;
			children = (
				544B15DE1D76757A00DDCF35 /* CallSystemFuncDemo */,
				544B15DD1D76757A00DDCF35 /* Products */,
			);
			sourceTree = "<group>";
		};
		544B15DD1D76757A00DDCF35 /* Products */ = {
			isa = PBXGroup;
			children = (
				544B15DC1D76757A00DDCF35 /* CallSystemFuncDemo.app */,
			);
			name = Products;
			sourceTree = "<group>";
		};
		544B15DE1D76757A00DDCF35 /* CallSystemFuncDemo */ = {
			isa = PBXGroup;
			children = (
				544B15E21D76757A00DDCF35 /* AppDelegate.h */,
				544B15E31D76757A00DDCF35 /* AppDelegate.m */,
				544B15E51D76757A00DDCF35 /* ViewController.h */,
				544B15E61D76757A00DDCF35 /* ViewController.m */,
				544B15E81D76757A00DDCF35 /* Main.storyboard */,
				544B15DF1D76757A00DDCF35 /* Supporting Files */,
			);
			path = CallSystemFuncDemo;
			sourceTree = "<group>";
		};
		544B15DF1D76757A00DDCF35 /* Supporting Files */ = {
			isa = PBXGroup;
			children = (
				544B15EB1D76757A00DDCF35 /* Assets.xcassets */,
				544B15ED1D76757A00DDCF35 /* LaunchScreen.storyboard */,
				544B15F01D76757A00DDCF35 /* Info.plist */,
				544B15E01D76757A00DDCF35 /* main.m */,
			);
			name = "Supporting Files";
			sourceTree = "<group>";
		};
/* End PBXGroup section */

/* Begin PBXNativeTarget section */
		544B15DB1D76757A00DDCF35 /* CallSystemFuncDemo */ = {
			isa = PBXNativeTarget;
			buildConfigurationList = 544B15F31D76757A00DDCF35 /* Build configuration list for PBXNativeTarget "CallSystemFuncDemo" */;
			buildPhases = (
				544B15D81D76757A00DDCF35 /* Sources */,
				544B15D91D76757A00DDCF35 /* Frameworks */,
				544B15DA1D76757A00DDCF35 /* Resources */,
			);
			buildRules = (
			);
			dependencies = (
			);
			name = CallSystemFuncDemo;
			productName = CallSystemFuncDemo;
			productReference = 544B15DC1D76757A00DDCF35 /* CallSystemFuncDemo.app */;
			productType = "com.apple.product-type.application";
		};
/* End PBXNativeTarget section */

/* Begin PBXProject section */
		544B15D41D76757A00DDCF35 /* Project object */ = {
			isa = PBXProject;
			attributes = {
				LastUpgradeCheck = 0730;
				ORGANIZATIONNAME = dibadalu;
				TargetAttributes = {
					544B15DB1D76757A00DDCF35 = {
						CreatedOnToolsVersion = 7.3;
						DevelopmentTeam = 5F6SG9GNHN;
					};
				};
			};
			buildConfigurationList = 544B15D71D76757A00DDCF35 /* Build configuration list for PBXProject "CallSystemFuncDemo" */;
			compatibilityVersion = "Xcode 3.2";
			developmentRegion = English;
			hasScannedForEncodings = 0;
			knownRegions = (
				en,
				Base,
			);
			mainGroup = 544B15D31D76757A00DDCF35;
			productRefGroup = 544B15DD1D76757A00DDCF35 /* Products */;
			projectDirPath = "";
			projectRoot = "";
			targets = (
				544B15DB1D76757A00DDCF35 /* CallSystemFuncDemo */,
			);
		};
/* End PBXProject section */

/* Begin PBXResourcesBuildPhase section */
		544B15DA1D76757A00DDCF35 /* Resources */ = {
			isa = PBXResourcesBuildPhase;
			buildActionMask = 2147483647;
			files = (
				544B15EF1D76757A00DDCF35 /* LaunchScreen.storyboard in Resources */,
				544B15EC1D76757A00DDCF35 /* Assets.xcassets in Resources */,
				544B15EA1D76757A00DDCF35 /* Main.storyboard in Resources */,
			);
			runOnlyForDeploymentPostprocessing = 0;
		};
/* End PBXResourcesBuildPhase section */

/* Begin PBXSourcesBuildPhase section */
		544B15D81D76757A00DDCF35 /* Sources */ = {
			isa = PBXSourcesBuildPhase;
			buildActionMask = 2147483647;
			files = (
				544B15E71D76757A00DDCF35 /* ViewController.m in Sources */,
				544B15E41D76757A00DDCF35 /* AppDelegate.m in Sources */,
				544B15E11D76757A00DDCF35 /* main.m in Sources */,
			);
			runOnlyForDeploymentPostprocessing = 0;
		};
/* End PBXSourcesBuildPhase section */

/* Begin PBXVariantGroup section */
		544B15E81D76757A00DDCF35 /* Main.storyboard */ = {
			isa = PBXVariantGroup;
			children = (
				544B15E91D76757A00DDCF35 /* Base */,
				548ABF2B1D767E220015B43B /* zh-Hans */,
			);
			name = Main.storyboard;
			sourceTree = "<group>";
		};
		544B15ED1D76757A00DDCF35 /* LaunchScreen.storyboard */ = {
			isa = PBXVariantGroup;
			children = (
				544B15EE1D76757A00DDCF35 /* Base */,
				548ABF2C1D767E220015B43B /* zh-Hans */,
			);
			name = LaunchScreen.storyboard;
			sourceTree = "<group>";
		};
/* End PBXVariantGroup section */

/* Begin XCBuildConfiguration section */
		544B15F11D76757A00DDCF35 /* Debug */ = {
			isa = XCBuildConfiguration;
			buildSettings = {
				ALWAYS_SEARCH_USER_PATHS = NO;
				CLANG_ANALYZER_NONNULL = YES;
				CLANG_CXX_LANGUAGE_STANDARD = "gnu++0x";
				CLANG_CXX_LIBRARY = "libc++";
				CLANG_ENABLE_MODULES = YES;
				CLANG_ENABLE_OBJC_ARC = YES;
				CLANG_WARN_BOOL_CONVERSION = YES;
				CLANG_WARN_CONSTANT_CONVERSION = YES;
				CLANG_WARN_DIRECT_OBJC_ISA_USAGE = YES_ERROR;
				CLANG_WARN_EMPTY_BODY = YES;
				CLANG_WARN_ENUM_CONVERSION = YES;
				CLANG_WARN_INT_CONVERSION = YES;
				CLANG_WARN_OBJC_ROOT_CLASS = YES_ERROR;
				CLANG_WARN_UNREACHABLE_CODE = YES;
				CLANG_WARN__DUPLICATE_METHOD_MATCH = YES;
				"CODE_SIGN_IDENTITY[sdk=iphoneos*]" = "iPhone Developer";
				COPY_PHASE_STRIP = NO;
				DEBUG_INFORMATION_FORMAT = dwarf;
				ENABLE_STRICT_OBJC_MSGSEND = YES;
				ENABLE_TESTABILITY = YES;
				GCC_C_LANGUAGE_STANDARD = gnu99;
				GCC_DYNAMIC_NO_PIC = NO;
				GCC_NO_COMMON_BLOCKS = YES;
				GCC_OPTIMIZATION_LEVEL = 0;
				GCC_PREPROCESSOR_DEFINITIONS = (
					"DEBUG=1",
					"$(inherited)",
				);
				GCC_WARN_64_TO_32_BIT_CONVERSION = YES;
				GCC_WARN_ABOUT_RETURN_TYPE = YES_ERROR;
				GCC_WARN_UNDECLARED_SELECTOR = YES;
				GCC_WARN_UNINITIALIZED_AUTOS = YES_AGGRESSIVE;
				GCC_WARN_UNUSED_FUNCTION = YES;
				GCC_WARN_UNUSED_VARIABLE = YES;
				IPHONEOS_DEPLOYMENT_TARGET = 9.3;
				MTL_ENABLE_DEBUG_INFO = YES;
				ONLY_ACTIVE_ARCH = YES;
				SDKROOT = iphoneos;
			};
			name = Debug;
		};
		544B15F21D76757A00DDCF35 /* Release */ = {
			isa = XCBuildConfiguration;
			buildSettings = {
				ALWAYS_SEARCH_USER_PATHS = NO;
				CLANG_ANALYZER_NONNULL = YES;
				CLANG_CXX_LANGUAGE_STANDARD = "gnu++0x";
				CLANG_CXX_LIBRARY = "libc++";
				CLANG_ENABLE_MODULES = YES;
				CLANG_ENABLE_OBJC_ARC = YES;
				CLANG_WARN_BOOL_CONVERSION = YES;
				CLANG_WARN_CONSTANT_CONVERSION = YES;
				CLANG_WARN_DIRECT_OBJC_ISA_USAGE = YES_ERROR;
				CLANG_WARN_EMPTY_BODY = YES;
				CLANG_WARN_ENUM_CONVERSION = YES;
				CLANG_WARN_INT_CONVERSION = YES;
				CLANG_WARN_OBJC_ROOT_CLASS = YES_ERROR;
				CLANG_WARN_UNREACHABLE_CODE = YES;
				CLANG_WARN__DUPLICATE_METHOD_MATCH = YES;
				"CODE_SIGN_IDENTITY[sdk=iphoneos*]" = "iPhone Developer";
				COPY_PHASE_STRIP = NO;
				DEBUG_INFORMATION_FORMAT = "dwarf-with-dsym";
				ENABLE_NS_ASSERTIONS = NO;
				ENABLE_STRICT_OBJC_MSGSEND = YES;
				GCC_C_LANGUAGE_STANDARD = gnu99;
				GCC_NO_COMMON_BLOCKS = YES;
				GCC_WARN_64_TO_32_BIT_CONVERSION = YES;
				GCC_WARN_ABOUT_RETURN_TYPE = YES_ERROR;
				GCC_WARN_UNDECLARED_SELECTOR = YES;
				GCC_WARN_UNINITIALIZED_AUTOS = YES_AGGRESSIVE;
				GCC_WARN_UNUSED_FUNCTION = YES;
				GCC_WARN_UNUSED_VARIABLE = YES;
				IPHONEOS_DEPLOYMENT_TARGET = 9.3;
				MTL_ENABLE_DEBUG_INFO = NO;
				SDKROOT = iphoneos;
				VALIDATE_PRODUCT = YES;
			};
			name = Release;
		};
		544B15F41D76757A00DDCF35 /* Debug */ = {
			isa = XCBuildConfiguration;
			buildSettings = {
				ASSETCATALOG_COMPILER_APPICON_NAME = AppIcon;
				CODE_SIGN_IDENTITY = "iPhone Developer";
				"CODE_SIGN_IDENTITY[sdk=iphoneos*]" = "iPhone Developer";
				INFOPLIST_FILE = CallSystemFuncDemo/Info.plist;
				LD_RUNPATH_SEARCH_PATHS = "$(inherited) @executable_path/Frameworks";
				PRODUCT_BUNDLE_IDENTIFIER = com.dibadalu.CallSystemFuncDemo;
				PRODUCT_NAME = "$(TARGET_NAME)";
				PROVISIONING_PROFILE = "";
			};
			name = Debug;
		};
		544B15F51D76757A00DDCF35 /* Release */ = {
			isa = XCBuildConfiguration;
			buildSettings = {
				ASSETCATALOG_COMPILER_APPICON_NAME = AppIcon;
				CODE_SIGN_IDENTITY = "iPhone Developer";
				"CODE_SIGN_IDENTITY[sdk=iphoneos*]" = "iPhone Developer";
				INFOPLIST_FILE = CallSystemFuncDemo/Info.plist;
				LD_RUNPATH_SEARCH_PATHS = "$(inherited) @executable_path/Frameworks";
				PRODUCT_BUNDLE_IDENTIFIER = com.dibadalu.CallSystemFuncDemo;
				PRODUCT_NAME = "$(TARGET_NAME)";
				PROVISIONING_PROFILE = "";
			};
			name = Release;
		};
/* End XCBuildConfiguration section */

/* Begin XCConfigurationList section */
		544B15D71D76757A00DDCF35 /* Build configuration list for PBXProject "CallSystemFuncDemo" */ = {
			isa = XCConfigurationList;
			buildConfigurations = (
				544B15F11D76757A00DDCF35 /* Debug */,
				544B15F21D76757A00DDCF35 /* Release */,
			);
			defaultConfigurationIsVisible = 0;
			defaultConfigurationName = Release;
		};
		544B15F31D76757A00DDCF35 /* Build configuration list for PBXNativeTarget "CallSystemFuncDemo" */ = {
			isa = XCConfigurationList;
			buildConfigurations = (
				544B15F41D76757A00DDCF35 /* Debug */,
				544B15F51D76757A00DDCF35 /* Release */,
			);
			defaultConfigurationIsVisible = 0;
			defaultConfigurationName = Release;
		};
/* End XCConfigurationList section */
	};
	rootObject = 544B15D41D76757A00DDCF35 /* Project object */;
}
